// !$*UTF8*$!
{
	archiveVersion = 1;
	classes = {
	};
	objectVersion = 46;
	objects = {

/* Begin PBXBuildFile section */
		3E10869DC7C42D6FB154B21E /* Pods_Todolist.framework in Frameworks */ = {isa = PBXBuildFile; fileRef = F38904655F3E34ED0DD553C4 /* Pods_Todolist.framework */; };
		5131931A1CC37B84004924FB /* TodoListEntities.swift in Sources */ = {isa = PBXBuildFile; fileRef = 513193191CC37B84004924FB /* TodoListEntities.swift */; };
		5131931C1CC37C67004924FB /* TodosDataStore.swift in Sources */ = {isa = PBXBuildFile; fileRef = 5131931B1CC37C67004924FB /* TodosDataStore.swift */; };
		5142F8751CC36C240017C5EA /* AppDelegate.swift in Sources */ = {isa = PBXBuildFile; fileRef = 5142F8741CC36C240017C5EA /* AppDelegate.swift */; };
		5142F8771CC36C240017C5EA /* ViewController.swift in Sources */ = {isa = PBXBuildFile; fileRef = 5142F8761CC36C240017C5EA /* ViewController.swift */; };
		5142F87A1CC36C240017C5EA /* Main.storyboard in Resources */ = {isa = PBXBuildFile; fileRef = 5142F8781CC36C240017C5EA /* Main.storyboard */; };
		5142F87C1CC36C240017C5EA /* Assets.xcassets in Resources */ = {isa = PBXBuildFile; fileRef = 5142F87B1CC36C240017C5EA /* Assets.xcassets */; };
		5142F87F1CC36C240017C5EA /* LaunchScreen.storyboard in Resources */ = {isa = PBXBuildFile; fileRef = 5142F87D1CC36C240017C5EA /* LaunchScreen.storyboard */; };
		5142F88A1CC36C240017C5EA /* TodolistTests.swift in Sources */ = {isa = PBXBuildFile; fileRef = 5142F8891CC36C240017C5EA /* TodolistTests.swift */; };
		5142F8951CC36C240017C5EA /* TodolistUITests.swift in Sources */ = {isa = PBXBuildFile; fileRef = 5142F8941CC36C240017C5EA /* TodolistUITests.swift */; };
		5142F8A31CC36C9E0017C5EA /* TodoTableViewController.swift in Sources */ = {isa = PBXBuildFile; fileRef = 5142F8A21CC36C9E0017C5EA /* TodoTableViewController.swift */; };
/* End PBXBuildFile section */

/* Begin PBXContainerItemProxy section */
		5142F8861CC36C240017C5EA /* PBXContainerItemProxy */ = {
			isa = PBXContainerItemProxy;
			containerPortal = 5142F8691CC36C240017C5EA /* Project object */;
			proxyType = 1;
			remoteGlobalIDString = 5142F8701CC36C240017C5EA;
			remoteInfo = Todolist;
		};
		5142F8911CC36C240017C5EA /* PBXContainerItemProxy */ = {
			isa = PBXContainerItemProxy;
			containerPortal = 5142F8691CC36C240017C5EA /* Project object */;
			proxyType = 1;
			remoteGlobalIDString = 5142F8701CC36C240017C5EA;
			remoteInfo = Todolist;
		};
/* End PBXContainerItemProxy section */

/* Begin PBXFileReference section */
		064EDA41EEA124F488BE0A81 /* Pods-Todolist.debug.xcconfig */ = {isa = PBXFileReference; includeInIndex = 1; lastKnownFileType = text.xcconfig; name = "Pods-Todolist.debug.xcconfig"; path = "Pods/Target Support Files/Pods-Todolist/Pods-Todolist.debug.xcconfig"; sourceTree = "<group>"; };
		513193191CC37B84004924FB /* TodoListEntities.swift */ = {isa = PBXFileReference; fileEncoding = 4; lastKnownFileType = sourcecode.swift; path = TodoListEntities.swift; sourceTree = "<group>"; };
		5131931B1CC37C67004924FB /* TodosDataStore.swift */ = {isa = PBXFileReference; fileEncoding = 4; lastKnownFileType = sourcecode.swift; path = TodosDataStore.swift; sourceTree = "<group>"; };
		5142F8711CC36C240017C5EA /* Todolist.app */ = {isa = PBXFileReference; explicitFileType = wrapper.application; includeInIndex = 0; path = Todolist.app; sourceTree = BUILT_PRODUCTS_DIR; };
		5142F8741CC36C240017C5EA /* AppDelegate.swift */ = {isa = PBXFileReference; lastKnownFileType = sourcecode.swift; path = AppDelegate.swift; sourceTree = "<group>"; };
		5142F8761CC36C240017C5EA /* ViewController.swift */ = {isa = PBXFileReference; lastKnownFileType = sourcecode.swift; path = ViewController.swift; sourceTree = "<group>"; };
		5142F8791CC36C240017C5EA /* Base */ = {isa = PBXFileReference; lastKnownFileType = file.storyboard; name = Base; path = Base.lproj/Main.storyboard; sourceTree = "<group>"; };
		5142F87B1CC36C240017C5EA /* Assets.xcassets */ = {isa = PBXFileReference; lastKnownFileType = folder.assetcatalog; path = Assets.xcassets; sourceTree = "<group>"; };
		5142F87E1CC36C240017C5EA /* Base */ = {isa = PBXFileReference; lastKnownFileType = file.storyboard; name = Base; path = Base.lproj/LaunchScreen.storyboard; sourceTree = "<group>"; };
		5142F8801CC36C240017C5EA /* Info.plist */ = {isa = PBXFileReference; lastKnownFileType = text.plist.xml; path = Info.plist; sourceTree = "<group>"; };
		5142F8851CC36C240017C5EA /* TodolistTests.xctest */ = {isa = PBXFileReference; explicitFileType = wrapper.cfbundle; includeInIndex = 0; path = TodolistTests.xctest; sourceTree = BUILT_PRODUCTS_DIR; };
		5142F8891CC36C240017C5EA /* TodolistTests.swift */ = {isa = PBXFileReference; lastKnownFileType = sourcecode.swift; path = TodolistTests.swift; sourceTree = "<group>"; };
		5142F88B1CC36C240017C5EA /* Info.plist */ = {isa = PBXFileReference; lastKnownFileType = text.plist.xml; path = Info.plist; sourceTree = "<group>"; };
		5142F8901CC36C240017C5EA /* TodolistUITests.xctest */ = {isa = PBXFileReference; explicitFileType = wrapper.cfbundle; includeInIndex = 0; path = TodolistUITests.xctest; sourceTree = BUILT_PRODUCTS_DIR; };
		5142F8941CC36C240017C5EA /* TodolistUITests.swift */ = {isa = PBXFileReference; lastKnownFileType = sourcecode.swift; path = TodolistUITests.swift; sourceTree = "<group>"; };
		5142F8961CC36C240017C5EA /* Info.plist */ = {isa = PBXFileReference; lastKnownFileType = text.plist.xml; path = Info.plist; sourceTree = "<group>"; };
		5142F8A21CC36C9E0017C5EA /* TodoTableViewController.swift */ = {isa = PBXFileReference; fileEncoding = 4; lastKnownFileType = sourcecode.swift; path = TodoTableViewController.swift; sourceTree = "<group>"; };
		6083C33D2D169116A2E894F4 /* Pods-Todolist.release.xcconfig */ = {isa = PBXFileReference; includeInIndex = 1; lastKnownFileType = text.xcconfig; name = "Pods-Todolist.release.xcconfig"; path = "Pods/Target Support Files/Pods-Todolist/Pods-Todolist.release.xcconfig"; sourceTree = "<group>"; };
		F38904655F3E34ED0DD553C4 /* Pods_Todolist.framework */ = {isa = PBXFileReference; explicitFileType = wrapper.framework; includeInIndex = 0; path = Pods_Todolist.framework; sourceTree = BUILT_PRODUCTS_DIR; };
/* End PBXFileReference section */

/* Begin PBXFrameworksBuildPhase section */
		5142F86E1CC36C240017C5EA /* Frameworks */ = {
			isa = PBXFrameworksBuildPhase;
			buildActionMask = 2147483647;
			files = (
				3E10869DC7C42D6FB154B21E /* Pods_Todolist.framework in Frameworks */,
			);
			runOnlyForDeploymentPostprocessing = 0;
		};
		5142F8821CC36C240017C5EA /* Frameworks */ = {
			isa = PBXFrameworksBuildPhase;
			buildActionMask = 2147483647;
			files = (
			);
			runOnlyForDeploymentPostprocessing = 0;
		};
		5142F88D1CC36C240017C5EA /* Frameworks */ = {
			isa = PBXFrameworksBuildPhase;
			buildActionMask = 2147483647;
			files = (
			);
			runOnlyForDeploymentPostprocessing = 0;
		};
/* End PBXFrameworksBuildPhase section */

/* Begin PBXGroup section */
		1DDE78E32423B736B90998A9 /* Pods */ = {
			isa = PBXGroup;
			children = (
				064EDA41EEA124F488BE0A81 /* Pods-Todolist.debug.xcconfig */,
				6083C33D2D169116A2E894F4 /* Pods-Todolist.release.xcconfig */,
			);
			name = Pods;
			sourceTree = "<group>";
		};
		367A8246E34CF1FA8C43DC85 /* Frameworks */ = {
			isa = PBXGroup;
			children = (
				F38904655F3E34ED0DD553C4 /* Pods_Todolist.framework */,
			);
			name = Frameworks;
			sourceTree = "<group>";
		};
		5142F8681CC36C240017C5EA = {
			isa = PBXGroup;
			children = (
				5142F8731CC36C240017C5EA /* Todolist */,
				5142F8881CC36C240017C5EA /* TodolistTests */,
				5142F8931CC36C240017C5EA /* TodolistUITests */,
				5142F8721CC36C240017C5EA /* Products */,
				1DDE78E32423B736B90998A9 /* Pods */,
				367A8246E34CF1FA8C43DC85 /* Frameworks */,
			);
			sourceTree = "<group>";
		};
		5142F8721CC36C240017C5EA /* Products */ = {
			isa = PBXGroup;
			children = (
				5142F8711CC36C240017C5EA /* Todolist.app */,
				5142F8851CC36C240017C5EA /* TodolistTests.xctest */,
				5142F8901CC36C240017C5EA /* TodolistUITests.xctest */,
			);
			name = Products;
			sourceTree = "<group>";
		};
		5142F8731CC36C240017C5EA /* Todolist */ = {
			isa = PBXGroup;
			children = (
				5142F8741CC36C240017C5EA /* AppDelegate.swift */,
				5142F8761CC36C240017C5EA /* ViewController.swift */,
				5142F8781CC36C240017C5EA /* Main.storyboard */,
				5142F8A21CC36C9E0017C5EA /* TodoTableViewController.swift */,
				5142F87B1CC36C240017C5EA /* Assets.xcassets */,
				5142F87D1CC36C240017C5EA /* LaunchScreen.storyboard */,
				5142F8801CC36C240017C5EA /* Info.plist */,
				513193191CC37B84004924FB /* TodoListEntities.swift */,
				5131931B1CC37C67004924FB /* TodosDataStore.swift */,
			);
			path = Todolist;
			sourceTree = "<group>";
		};
		5142F8881CC36C240017C5EA /* TodolistTests */ = {
			isa = PBXGroup;
			children = (
				5142F8891CC36C240017C5EA /* TodolistTests.swift */,
				5142F88B1CC36C240017C5EA /* Info.plist */,
			);
			path = TodolistTests;
			sourceTree = "<group>";
		};
		5142F8931CC36C240017C5EA /* TodolistUITests */ = {
			isa = PBXGroup;
			children = (
				5142F8941CC36C240017C5EA /* TodolistUITests.swift */,
				5142F8961CC36C240017C5EA /* Info.plist */,
			);
			path = TodolistUITests;
			sourceTree = "<group>";
		};
/* End PBXGroup section */

/* Begin PBXNativeTarget section */
		5142F8701CC36C240017C5EA /* Todolist */ = {
			isa = PBXNativeTarget;
			buildConfigurationList = 5142F8991CC36C240017C5EA /* Build configuration list for PBXNativeTarget "Todolist" */;
			buildPhases = (
				ECB859429CE4C0E2EB822256 /* Check Pods Manifest.lock */,
				5142F86D1CC36C240017C5EA /* Sources */,
				5142F86E1CC36C240017C5EA /* Frameworks */,
				5142F86F1CC36C240017C5EA /* Resources */,
				EA8E305816A5944AFF8AB1C7 /* Embed Pods Frameworks */,
				5DBA18B16BF84A7DC744A3B6 /* Copy Pods Resources */,
			);
			buildRules = (
			);
			dependencies = (
			);
			name = Todolist;
			productName = Todolist;
			productReference = 5142F8711CC36C240017C5EA /* Todolist.app */;
			productType = "com.apple.product-type.application";
		};
		5142F8841CC36C240017C5EA /* TodolistTests */ = {
			isa = PBXNativeTarget;
			buildConfigurationList = 5142F89C1CC36C240017C5EA /* Build configuration list for PBXNativeTarget "TodolistTests" */;
			buildPhases = (
				5142F8811CC36C240017C5EA /* Sources */,
				5142F8821CC36C240017C5EA /* Frameworks */,
				5142F8831CC36C240017C5EA /* Resources */,
			);
			buildRules = (
			);
			dependencies = (
				5142F8871CC36C240017C5EA /* PBXTargetDependency */,
			);
			name = TodolistTests;
			productName = TodolistTests;
			productReference = 5142F8851CC36C240017C5EA /* TodolistTests.xctest */;
			productType = "com.apple.product-type.bundle.unit-test";
		};
		5142F88F1CC36C240017C5EA /* TodolistUITests */ = {
			isa = PBXNativeTarget;
			buildConfigurationList = 5142F89F1CC36C240017C5EA /* Build configuration list for PBXNativeTarget "TodolistUITests" */;
			buildPhases = (
				5142F88C1CC36C240017C5EA /* Sources */,
				5142F88D1CC36C240017C5EA /* Frameworks */,
				5142F88E1CC36C240017C5EA /* Resources */,
			);
			buildRules = (
			);
			dependencies = (
				5142F8921CC36C240017C5EA /* PBXTargetDependency */,
			);
			name = TodolistUITests;
			productName = TodolistUITests;
			productReference = 5142F8901CC36C240017C5EA /* TodolistUITests.xctest */;
			productType = "com.apple.product-type.bundle.ui-testing";
		};
/* End PBXNativeTarget section */

/* Begin PBXProject section */
		5142F8691CC36C240017C5EA /* Project object */ = {
			isa = PBXProject;
			attributes = {
				LastSwiftUpdateCheck = 0730;
				LastUpgradeCheck = 0730;
				ORGANIZATIONNAME = user118273;
				TargetAttributes = {
					5142F8701CC36C240017C5EA = {
						CreatedOnToolsVersion = 7.3;
					};
					5142F8841CC36C240017C5EA = {
						CreatedOnToolsVersion = 7.3;
						TestTargetID = 5142F8701CC36C240017C5EA;
					};
					5142F88F1CC36C240017C5EA = {
						CreatedOnToolsVersion = 7.3;
						TestTargetID = 5142F8701CC36C240017C5EA;
					};
				};
			};
			buildConfigurationList = 5142F86C1CC36C240017C5EA /* Build configuration list for PBXProject "Todolist" */;
			compatibilityVersion = "Xcode 3.2";
			developmentRegion = English;
			hasScannedForEncodings = 0;
			knownRegions = (
				en,
				Base,
			);
			mainGroup = 5142F8681CC36C240017C5EA;
			productRefGroup = 5142F8721CC36C240017C5EA /* Products */;
			projectDirPath = "";
			projectRoot = "";
			targets = (
				5142F8701CC36C240017C5EA /* Todolist */,
				5142F8841CC36C240017C5EA /* TodolistTests */,
				5142F88F1CC36C240017C5EA /* TodolistUITests */,
			);
		};
/* End PBXProject section */

/* Begin PBXResourcesBuildPhase section */
		5142F86F1CC36C240017C5EA /* Resources */ = {
			isa = PBXResourcesBuildPhase;
			buildActionMask = 2147483647;
			files = (
				5142F87F1CC36C240017C5EA /* LaunchScreen.storyboard in Resources */,
				5142F87C1CC36C240017C5EA /* Assets.xcassets in Resources */,
				5142F87A1CC36C240017C5EA /* Main.storyboard in Resources */,
			);
			runOnlyForDeploymentPostprocessing = 0;
		};
		5142F8831CC36C240017C5EA /* Resources */ = {
			isa = PBXResourcesBuildPhase;
			buildActionMask = 2147483647;
			files = (
			);
			runOnlyForDeploymentPostprocessing = 0;
		};
		5142F88E1CC36C240017C5EA /* Resources */ = {
			isa = PBXResourcesBuildPhase;
			buildActionMask = 2147483647;
			files = (
			);
			runOnlyForDeploymentPostprocessing = 0;
		};
/* End PBXResourcesBuildPhase section */

/* Begin PBXShellScriptBuildPhase section */
		5DBA18B16BF84A7DC744A3B6 /* Copy Pods Resources */ = {
			isa = PBXShellScriptBuildPhase;
			buildActionMask = 2147483647;
			files = (
			);
			inputPaths = (
			);
			name = "Copy Pods Resources";
			outputPaths = (
			);
			runOnlyForDeploymentPostprocessing = 0;
			shellPath = /bin/sh;
			shellScript = "\"${SRCROOT}/Pods/Target Support Files/Pods-Todolist/Pods-Todolist-resources.sh\"\n";
			showEnvVarsInLog = 0;
		};
		EA8E305816A5944AFF8AB1C7 /* Embed Pods Frameworks */ = {
			isa = PBXShellScriptBuildPhase;
			buildActionMask = 2147483647;
			files = (
			);
			inputPaths = (
			);
			name = "Embed Pods Frameworks";
			outputPaths = (
			);
			runOnlyForDeploymentPostprocessing = 0;
			shellPath = /bin/sh;
			shellScript = "\"${SRCROOT}/Pods/Target Support Files/Pods-Todolist/Pods-Todolist-frameworks.sh\"\n";
			showEnvVarsInLog = 0;
		};
		ECB859429CE4C0E2EB822256 /* Check Pods Manifest.lock */ = {
			isa = PBXShellScriptBuildPhase;
			buildActionMask = 2147483647;
			files = (
			);
			inputPaths = (
			);
			name = "Check Pods Manifest.lock";
			outputPaths = (
			);
			runOnlyForDeploymentPostprocessing = 0;
			shellPath = /bin/sh;
			shellScript = "diff \"${PODS_ROOT}/../Podfile.lock\" \"${PODS_ROOT}/Manifest.lock\" > /dev/null\nif [[ $? != 0 ]] ; then\n    cat << EOM\nerror: The sandbox is not in sync with the Podfile.lock. Run 'pod install' or update your CocoaPods installation.\nEOM\n    exit 1\nfi\n";
			showEnvVarsInLog = 0;
		};
/* End PBXShellScriptBuildPhase section */

/* Begin PBXSourcesBuildPhase section */
		5142F86D1CC36C240017C5EA /* Sources */ = {
			isa = PBXSourcesBuildPhase;
			buildActionMask = 2147483647;
			files = (
				5131931A1CC37B84004924FB /* TodoListEntities.swift in Sources */,
				5131931C1CC37C67004924FB /* TodosDataStore.swift in Sources */,
				5142F8771CC36C240017C5EA /* ViewController.swift in Sources */,
				5142F8A31CC36C9E0017C5EA /* TodoTableViewController.swift in Sources */,
				5142F8751CC36C240017C5EA /* AppDelegate.swift in Sources */,
			);
			runOnlyForDeploymentPostprocessing = 0;
		};
		5142F8811CC36C240017C5EA /* Sources */ = {
			isa = PBXSourcesBuildPhase;
			buildActionMask = 2147483647;
			files = (
				5142F88A1CC36C240017C5EA /* TodolistTests.swift in Sources */,
			);
			runOnlyForDeploymentPostprocessing = 0;
		};
		5142F88C1CC36C240017C5EA /* Sources */ = {
			isa = PBXSourcesBuildPhase;
			buildActionMask = 2147483647;
			files = (
				5142F8951CC36C240017C5EA /* TodolistUITests.swift in Sources */,
			);
			runOnlyForDeploymentPostprocessing = 0;
		};
/* End PBXSourcesBuildPhase section */

/* Begin PBXTargetDependency section */
		5142F8871CC36C240017C5EA /* PBXTargetDependency */ = {
			isa = PBXTargetDependency;
			target = 5142F8701CC36C240017C5EA /* Todolist */;
			targetProxy = 5142F8861CC36C240017C5EA /* PBXContainerItemProxy */;
		};
		5142F8921CC36C240017C5EA /* PBXTargetDependency */ = {
			isa = PBXTargetDependency;
			target = 5142F8701CC36C240017C5EA /* Todolist */;
			targetProxy = 5142F8911CC36C240017C5EA /* PBXContainerItemProxy */;
		};
/* End PBXTargetDependency section */

/* Begin PBXVariantGroup section */
		5142F8781CC36C240017C5EA /* Main.storyboard */ = {
			isa = PBXVariantGroup;
			children = (
				5142F8791CC36C240017C5EA /* Base */,
			);
			name = Main.storyboard;
			sourceTree = "<group>";
		};
		5142F87D1CC36C240017C5EA /* LaunchScreen.storyboard */ = {
			isa = PBXVariantGroup;
			children = (
				5142F87E1CC36C240017C5EA /* Base */,
			);
			name = LaunchScreen.storyboard;
			sourceTree = "<group>";
		};
/* End PBXVariantGroup section */

/* Begin XCBuildConfiguration section */
		5142F8971CC36C240017C5EA /* Debug */ = {
			isa = XCBuildConfiguration;
			buildSettings = {
				ALWAYS_SEARCH_USER_PATHS = NO;
				CLANG_ANALYZER_NONNULL = YES;
				CLANG_CXX_LANGUAGE_STANDARD = "gnu++0x";
				CLANG_CXX_LIBRARY = "libc++";
				CLANG_ENABLE_MODULES = YES;
				CLANG_ENABLE_OBJC_ARC = YES;
				CLANG_WARN_BOOL_CONVERSION = YES;
				CLANG_WARN_CONSTANT_CONVERSION = YES;
				CLANG_WARN_DIRECT_OBJC_ISA_USAGE = YES_ERROR;
				CLANG_WARN_EMPTY_BODY = YES;
				CLANG_WARN_ENUM_CONVERSION = YES;
				CLANG_WARN_INT_CONVERSION = YES;
				CLANG_WARN_OBJC_ROOT_CLASS = YES_ERROR;
				CLANG_WARN_UNREACHABLE_CODE = YES;
				CLANG_WARN__DUPLICATE_METHOD_MATCH = YES;
				"CODE_SIGN_IDENTITY[sdk=iphoneos*]" = "iPhone Developer";
				COPY_PHASE_STRIP = NO;
				DEBUG_INFORMATION_FORMAT = dwarf;
				ENABLE_STRICT_OBJC_MSGSEND = YES;
				ENABLE_TESTABILITY = YES;
				GCC_C_LANGUAGE_STANDARD = gnu99;
				GCC_DYNAMIC_NO_PIC = NO;
				GCC_NO_COMMON_BLOCKS = YES;
				GCC_OPTIMIZATION_LEVEL = 0;
				GCC_PREPROCESSOR_DEFINITIONS = (
					"DEBUG=1",
					"$(inherited)",
				);
				GCC_WARN_64_TO_32_BIT_CONVERSION = YES;
				GCC_WARN_ABOUT_RETURN_TYPE = YES_ERROR;
				GCC_WARN_UNDECLARED_SELECTOR = YES;
				GCC_WARN_UNINITIALIZED_AUTOS = YES_AGGRESSIVE;
				GCC_WARN_UNUSED_FUNCTION = YES;
				GCC_WARN_UNUSED_VARIABLE = YES;
				IPHONEOS_DEPLOYMENT_TARGET = 9.3;
				MTL_ENABLE_DEBUG_INFO = YES;
				ONLY_ACTIVE_ARCH = YES;
				SDKROOT = iphoneos;
				SWIFT_OPTIMIZATION_LEVEL = "-Onone";
			};
			name = Debug;
		};
		5142F8981CC36C240017C5EA /* Release */ = {
			isa = XCBuildConfiguration;
			buildSettings = {
				ALWAYS_SEARCH_USER_PATHS = NO;
				CLANG_ANALYZER_NONNULL = YES;
				CLANG_CXX_LANGUAGE_STANDARD = "gnu++0x";
				CLANG_CXX_LIBRARY = "libc++";
				CLANG_ENABLE_MODULES = YES;
				CLANG_ENABLE_OBJC_ARC = YES;
				CLANG_WARN_BOOL_CONVERSION = YES;
				CLANG_WARN_CONSTANT_CONVERSION = YES;
				CLANG_WARN_DIRECT_OBJC_ISA_USAGE = YES_ERROR;
				CLANG_WARN_EMPTY_BODY = YES;
				CLANG_WARN_ENUM_CONVERSION = YES;
				CLANG_WARN_INT_CONVERSION = YES;
				CLANG_WARN_OBJC_ROOT_CLASS = YES_ERROR;
				CLANG_WARN_UNREACHABLE_CODE = YES;
				CLANG_WARN__DUPLICATE_METHOD_MATCH = YES;
				"CODE_SIGN_IDENTITY[sdk=iphoneos*]" = "iPhone Developer";
				COPY_PHASE_STRIP = NO;
				DEBUG_INFORMATION_FORMAT = "dwarf-with-dsym";
				ENABLE_NS_ASSERTIONS = NO;
				ENABLE_STRICT_OBJC_MSGSEND = YES;
				GCC_C_LANGUAGE_STANDARD = gnu99;
				GCC_NO_COMMON_BLOCKS = YES;
				GCC_WARN_64_TO_32_BIT_CONVERSION = YES;
				GCC_WARN_ABOUT_RETURN_TYPE = YES_ERROR;
				GCC_WARN_UNDECLARED_SELECTOR = YES;
				GCC_WARN_UNINITIALIZED_AUTOS = YES_AGGRESSIVE;
				GCC_WARN_UNUSED_FUNCTION = YES;
				GCC_WARN_UNUSED_VARIABLE = YES;
				IPHONEOS_DEPLOYMENT_TARGET = 9.3;
				MTL_ENABLE_DEBUG_INFO = NO;
				SDKROOT = iphoneos;
				VALIDATE_PRODUCT = YES;
			};
			name = Release;
		};
		5142F89A1CC36C240017C5EA /* Debug */ = {
			isa = XCBuildConfiguration;
			baseConfigurationReference = 064EDA41EEA124F488BE0A81 /* Pods-Todolist.debug.xcconfig */;
			buildSettings = {
				ASSETCATALOG_COMPILER_APPICON_NAME = AppIcon;
				INFOPLIST_FILE = Todolist/Info.plist;
				LD_RUNPATH_SEARCH_PATHS = "$(inherited) @executable_path/Frameworks";
				PRODUCT_BUNDLE_IDENTIFIER = com.testapp.Todolist;
				PRODUCT_NAME = "$(TARGET_NAME)";
			};
			name = Debug;
		};
		5142F89B1CC36C240017C5EA /* Release */ = {
			isa = XCBuildConfiguration;
			baseConfigurationReference = 6083C33D2D169116A2E894F4 /* Pods-Todolist.release.xcconfig */;
			buildSettings = {
				ASSETCATALOG_COMPILER_APPICON_NAME = AppIcon;
				INFOPLIST_FILE = Todolist/Info.plist;
				LD_RUNPATH_SEARCH_PATHS = "$(inherited) @executable_path/Frameworks";
				PRODUCT_BUNDLE_IDENTIFIER = com.testapp.Todolist;
				PRODUCT_NAME = "$(TARGET_NAME)";
			};
			name = Release;
		};
		5142F89D1CC36C240017C5EA /* Debug */ = {
			isa = XCBuildConfiguration;
			buildSettings = {
				BUNDLE_LOADER = "$(TEST_HOST)";
				INFOPLIST_FILE = TodolistTests/Info.plist;
				LD_RUNPATH_SEARCH_PATHS = "$(inherited) @executable_path/Frameworks @loader_path/Frameworks";
				PRODUCT_BUNDLE_IDENTIFIER = com.testapp.TodolistTests;
				PRODUCT_NAME = "$(TARGET_NAME)";
				TEST_HOST = "$(BUILT_PRODUCTS_DIR)/Todolist.app/Todolist";
			};
			name = Debug;
		};
		5142F89E1CC36C240017C5EA /* Release */ = {
			isa = XCBuildConfiguration;
			buildSettings = {
				BUNDLE_LOADER = "$(TEST_HOST)";
				INFOPLIST_FILE = TodolistTests/Info.plist;
				LD_RUNPATH_SEARCH_PATHS = "$(inherited) @executable_path/Frameworks @loader_path/Frameworks";
				PRODUCT_BUNDLE_IDENTIFIER = com.testapp.TodolistTests;
				PRODUCT_NAME = "$(TARGET_NAME)";
				TEST_HOST = "$(BUILT_PRODUCTS_DIR)/Todolist.app/Todolist";
			};
			name = Release;
		};
		5142F8A01CC36C240017C5EA /* Debug */ = {
			isa = XCBuildConfiguration;
			buildSettings = {
				INFOPLIST_FILE = TodolistUITests/Info.plist;
				LD_RUNPATH_SEARCH_PATHS = "$(inherited) @executable_path/Frameworks @loader_path/Frameworks";
				PRODUCT_BUNDLE_IDENTIFIER = com.testapp.TodolistUITests;
				PRODUCT_NAME = "$(TARGET_NAME)";
				TEST_TARGET_NAME = Todolist;
			};
			name = Debug;
		};
		5142F8A11CC36C240017C5EA /* Release */ = {
			isa = XCBuildConfiguration;
			buildSettings = {
				INFOPLIST_FILE = TodolistUITests/Info.plist;
				LD_RUNPATH_SEARCH_PATHS = "$(inherited) @executable_path/Frameworks @loader_path/Frameworks";
				PRODUCT_BUNDLE_IDENTIFIER = com.testapp.TodolistUITests;
				PRODUCT_NAME = "$(TARGET_NAME)";
				TEST_TARGET_NAME = Todolist;
			};
			name = Release;
		};
/* End XCBuildConfiguration section */

/* Begin XCConfigurationList section */
		5142F86C1CC36C240017C5EA /* Build configuration list for PBXProject "Todolist" */ = {
			isa = XCConfigurationList;
			buildConfigurations = (
				5142F8971CC36C240017C5EA /* Debug */,
				5142F8981CC36C240017C5EA /* Release */,
			);
			defaultConfigurationIsVisible = 0;
			defaultConfigurationName = Release;
		};
		5142F8991CC36C240017C5EA /* Build configuration list for PBXNativeTarget "Todolist" */ = {
			isa = XCConfigurationList;
			buildConfigurations = (
				5142F89A1CC36C240017C5EA /* Debug */,
				5142F89B1CC36C240017C5EA /* Release */,
			);
			defaultConfigurationIsVisible = 0;
			defaultConfigurationName = Release;
		};
		5142F89C1CC36C240017C5EA /* Build configuration list for PBXNativeTarget "TodolistTests" */ = {
			isa = XCConfigurationList;
			buildConfigurations = (
				5142F89D1CC36C240017C5EA /* Debug */,
				5142F89E1CC36C240017C5EA /* Release */,
			);
			defaultConfigurationIsVisible = 0;
			defaultConfigurationName = Release;
		};
		5142F89F1CC36C240017C5EA /* Build configuration list for PBXNativeTarget "TodolistUITests" */ = {
			isa = XCConfigurationList;
			buildConfigurations = (
				5142F8A01CC36C240017C5EA /* Debug */,
				5142F8A11CC36C240017C5EA /* Release */,
			);
			defaultConfigurationIsVisible = 0;
			defaultConfigurationName = Release;
		};
/* End XCConfigurationList section */
	};
	rootObject = 5142F8691CC36C240017C5EA /* Project object */;
}
